Microsoft Visual Studio Solution File, Format Version 12.00
# Visual Studio Version 17
VisualStudioVersion = 17.5.2.0
MinimumVisualStudioVersion = 10.0.40219.1
Project("{FAE04EC0-301F-11D3-BF4B-00C04F79EFBC}") = "PackingService.Api", "PackingService.Api\PackingService.Api.csproj", "{9F2D44CC-6846-91D8-8972-08A95CACA492}"
EndProject
Global
	GlobalSection(SolutionConfigurationPlatforms) = preSolution
		Debug|Any CPU = Debug|Any CPU
		Release|Any CPU = Release|Any CPU
	EndGlobalSection
	GlobalSection(ProjectConfigurationPlatforms) = postSolution
		{9F2D44CC-6846-91D8-8972-08A95CACA492}.Debug|Any CPU.ActiveCfg = Debug|Any CPU
		{9F2D44CC-6846-91D8-8972-08A95CACA492}.Debug|Any CPU.Build.0 = Debug|Any CPU
		{9F2D44CC-6846-91D8-8972-08A95CACA492}.Release|Any CPU.ActiveCfg = Release|Any CPU
		{9F2D44CC-6846-91D8-8972-08A95CACA492}.Release|Any CPU.Build.0 = Release|Any CPU
	EndGlobalSection
	GlobalSection(SolutionProperties) = preSolution
		HideSolutionNode = FALSE
	EndGlobalSection
	GlobalSection(ExtensibilityGlobals) = postSolution
		SolutionGuid = {D15AB856-5F2C-4B93-902D-A7172E8BFFF8}
	EndGlobalSection
EndGlobal
